
Microsoft Visual Studio Solution File, Format Version 12.00
# Visual Studio 2012
Project("{2857B73E-F847-4B02-9238-064979017E93}") = "rox-filer", "rox-filer.cproj", "{2DC234D4-2DF7-4D7E-B23C-CDB78547ECAC}"
EndProject
Global
	GlobalSection(SolutionConfigurationPlatforms) = preSolution
		Debug|Any CPU = Debug|Any CPU
		Release|Any CPU = Release|Any CPU
	EndGlobalSection
	GlobalSection(ProjectConfigurationPlatforms) = postSolution
		{2DC234D4-2DF7-4D7E-B23C-CDB78547ECAC}.Debug|Any CPU.ActiveCfg = Debug|Any CPU
		{2DC234D4-2DF7-4D7E-B23C-CDB78547ECAC}.Debug|Any CPU.Build.0 = Debug|Any CPU
		{2DC234D4-2DF7-4D7E-B23C-CDB78547ECAC}.Release|Any CPU.ActiveCfg = Release|Any CPU
		{2DC234D4-2DF7-4D7E-B23C-CDB78547ECAC}.Release|Any CPU.Build.0 = Release|Any CPU
	EndGlobalSection
	GlobalSection(MonoDevelopProperties) = preSolution
		StartupItem = rox-filer.cproj
	EndGlobalSection
EndGlobal
